
Microsoft Visual Studio Solution File, Format Version 12.00
# Visual Studio Version 17
VisualStudioVersion = 17.3.32901.215
MinimumVisualStudioVersion = 10.0.40219.1
Project("{FAE04EC0-301F-11D3-BF4B-00C04F79EFBC}") = "CSharpScript", "CSharpScript\CSharpScript.csproj", "{0E55D10A-C7EB-4075-9D7A-051A34CDE39F}"
EndProject
Project("{FAE04EC0-301F-11D3-BF4B-00C04F79EFBC}") = "CSharpScript.Example", "Example\CSharpScript.Example\CSharpScript.Example.csproj", "{59D80E03-D434-4209-8DEC-365022669EA4}"
EndProject
Global
	GlobalSection(SolutionConfigurationPlatforms) = preSolution
		Debug|Any CPU = Debug|Any CPU
		Release|Any CPU = Release|Any CPU
	EndGlobalSection
	GlobalSection(ProjectConfigurationPlatforms) = postSolution
		{0E55D10A-C7EB-4075-9D7A-051A34CDE39F}.Debug|Any CPU.ActiveCfg = Debug|Any CPU
		{0E55D10A-C7EB-4075-9D7A-051A34CDE39F}.Debug|Any CPU.Build.0 = Debug|Any CPU
		{0E55D10A-C7EB-4075-9D7A-051A34CDE39F}.Release|Any CPU.ActiveCfg = Release|Any CPU
		{0E55D10A-C7EB-4075-9D7A-051A34CDE39F}.Release|Any CPU.Build.0 = Release|Any CPU
		{59D80E03-D434-4209-8DEC-365022669EA4}.Debug|Any CPU.ActiveCfg = Debug|Any CPU
		{59D80E03-D434-4209-8DEC-365022669EA4}.Debug|Any CPU.Build.0 = Debug|Any CPU
		{59D80E03-D434-4209-8DEC-365022669EA4}.Release|Any CPU.ActiveCfg = Release|Any CPU
		{59D80E03-D434-4209-8DEC-365022669EA4}.Release|Any CPU.Build.0 = Release|Any CPU
	EndGlobalSection
	GlobalSection(SolutionProperties) = preSolution
		HideSolutionNode = FALSE
	EndGlobalSection
	GlobalSection(ExtensibilityGlobals) = postSolution
		SolutionGuid = {51733A4C-A141-44F1-BD90-A76371175466}
	EndGlobalSection
EndGlobal
